// !$*UTF8*$!
{
	archiveVersion = 1;
	classes = {
	};
	objectVersion = 56;
	objects = {

/* Begin PBXBuildFile section */
		9552CEDA2C4F4E8D0094457B /* PlayerView.swift in Sources */ = {isa = PBXBuildFile; fileRef = 9552CED92C4F4E8D0094457B /* PlayerView.swift */; };
		95556FE92C4F2C9F006803A1 /* SoundWaveApp.swift in Sources */ = {isa = PBXBuildFile; fileRef = 95556FE82C4F2C9F006803A1 /* SoundWaveApp.swift */; };
		95556FEB2C4F2C9F006803A1 /* ContentView.swift in Sources */ = {isa = PBXBuildFile; fileRef = 95556FEA2C4F2C9F006803A1 /* ContentView.swift */; };
		95556FED2C4F2CA1006803A1 /* Assets.xcassets in Resources */ = {isa = PBXBuildFile; fileRef = 95556FEC2C4F2CA1006803A1 /* Assets.xcassets */; };
		95556FF02C4F2CA1006803A1 /* Preview Assets.xcassets in Resources */ = {isa = PBXBuildFile; fileRef = 95556FEF2C4F2CA1006803A1 /* Preview Assets.xcassets */; };
		95556FF72C4F3083006803A1 /* DocumentPIcker.swift in Sources */ = {isa = PBXBuildFile; fileRef = 95556FF62C4F3083006803A1 /* DocumentPIcker.swift */; };
		95DDD16D2C5074C100E2C654 /* MainView.swift in Sources */ = {isa = PBXBuildFile; fileRef = 95DDD16C2C5074C100E2C654 /* MainView.swift */; };
		95DDD16F2C50756500E2C654 /* User.swift in Sources */ = {isa = PBXBuildFile; fileRef = 95DDD16E2C50756500E2C654 /* User.swift */; };
/* End PBXBuildFile section */

/* Begin PBXFileReference section */
		9552CED92C4F4E8D0094457B /* PlayerView.swift */ = {isa = PBXFileReference; lastKnownFileType = sourcecode.swift; path = PlayerView.swift; sourceTree = "<group>"; };
		95556FE52C4F2C9F006803A1 /* SoundWave.app */ = {isa = PBXFileReference; explicitFileType = wrapper.application; includeInIndex = 0; path = SoundWave.app; sourceTree = BUILT_PRODUCTS_DIR; };
		95556FE82C4F2C9F006803A1 /* SoundWaveApp.swift */ = {isa = PBXFileReference; lastKnownFileType = sourcecode.swift; path = SoundWaveApp.swift; sourceTree = "<group>"; };
		95556FEA2C4F2C9F006803A1 /* ContentView.swift */ = {isa = PBXFileReference; lastKnownFileType = sourcecode.swift; path = ContentView.swift; sourceTree = "<group>"; };
		95556FEC2C4F2CA1006803A1 /* Assets.xcassets */ = {isa = PBXFileReference; lastKnownFileType = folder.assetcatalog; path = Assets.xcassets; sourceTree = "<group>"; };
		95556FEF2C4F2CA1006803A1 /* Preview Assets.xcassets */ = {isa = PBXFileReference; lastKnownFileType = folder.assetcatalog; path = "Preview Assets.xcassets"; sourceTree = "<group>"; };
		95556FF62C4F3083006803A1 /* DocumentPIcker.swift */ = {isa = PBXFileReference; lastKnownFileType = sourcecode.swift; path = DocumentPIcker.swift; sourceTree = "<group>"; };
		95556FF82C4F3195006803A1 /* Info.plist */ = {isa = PBXFileReference; lastKnownFileType = text.plist; path = Info.plist; sourceTree = "<group>"; };
		95DDD16C2C5074C100E2C654 /* MainView.swift */ = {isa = PBXFileReference; lastKnownFileType = sourcecode.swift; path = MainView.swift; sourceTree = "<group>"; };
		95DDD16E2C50756500E2C654 /* User.swift */ = {isa = PBXFileReference; lastKnownFileType = sourcecode.swift; path = User.swift; sourceTree = "<group>"; };
/* End PBXFileReference section */

/* Begin PBXFrameworksBuildPhase section */
		95556FE22C4F2C9F006803A1 /* Frameworks */ = {
			isa = PBXFrameworksBuildPhase;
			buildActionMask = 2147483647;
			files = (
			);
			runOnlyForDeploymentPostprocessing = 0;
		};
/* End PBXFrameworksBuildPhase section */

/* Begin PBXGroup section */
		95556FDC2C4F2C9F006803A1 = {
			isa = PBXGroup;
			children = (
				95556FE72C4F2C9F006803A1 /* SoundWave */,
				95556FE62C4F2C9F006803A1 /* Products */,
			);
			sourceTree = "<group>";
		};
		95556FE62C4F2C9F006803A1 /* Products */ = {
			isa = PBXGroup;
			children = (
				95556FE52C4F2C9F006803A1 /* SoundWave.app */,
			);
			name = Products;
			sourceTree = "<group>";
		};
		95556FE72C4F2C9F006803A1 /* SoundWave */ = {
			isa = PBXGroup;
			children = (
				95556FF82C4F3195006803A1 /* Info.plist */,
				95DDD16C2C5074C100E2C654 /* MainView.swift */,
				95556FE82C4F2C9F006803A1 /* SoundWaveApp.swift */,
				95556FEA2C4F2C9F006803A1 /* ContentView.swift */,
				95556FEC2C4F2CA1006803A1 /* Assets.xcassets */,
				95556FEE2C4F2CA1006803A1 /* Preview Content */,
				95556FF62C4F3083006803A1 /* DocumentPIcker.swift */,
				9552CED92C4F4E8D0094457B /* PlayerView.swift */,
				95DDD16E2C50756500E2C654 /* User.swift */,
			);
			path = SoundWave;
			sourceTree = "<group>";
		};
		95556FEE2C4F2CA1006803A1 /* Preview Content */ = {
			isa = PBXGroup;
			children = (
				95556FEF2C4F2CA1006803A1 /* Preview Assets.xcassets */,
			);
			path = "Preview Content";
			sourceTree = "<group>";
		};
/* End PBXGroup section */

/* Begin PBXNativeTarget section */
		95556FE42C4F2C9F006803A1 /* SoundWave */ = {
			isa = PBXNativeTarget;
			buildConfigurationList = 95556FF32C4F2CA1006803A1 /* Build configuration list for PBXNativeTarget "SoundWave" */;
			buildPhases = (
				95556FE12C4F2C9F006803A1 /* Sources */,
				95556FE22C4F2C9F006803A1 /* Frameworks */,
				95556FE32C4F2C9F006803A1 /* Resources */,
			);
			buildRules = (
			);
			dependencies = (
			);
			name = SoundWave;
			productName = SoundWave;
			productReference = 95556FE52C4F2C9F006803A1 /* SoundWave.app */;
			productType = "com.apple.product-type.application";
		};
/* End PBXNativeTarget section */

/* Begin PBXProject section */
		95556FDD2C4F2C9F006803A1 /* Project object */ = {
			isa = PBXProject;
			attributes = {
				BuildIndependentTargetsInParallel = 1;
				LastSwiftUpdateCheck = 1520;
				LastUpgradeCheck = 1520;
				TargetAttributes = {
					95556FE42C4F2C9F006803A1 = {
						CreatedOnToolsVersion = 15.2;
					};
				};
			};
			buildConfigurationList = 95556FE02C4F2C9F006803A1 /* Build configuration list for PBXProject "SoundWave" */;
			compatibilityVersion = "Xcode 14.0";
			developmentRegion = en;
			hasScannedForEncodings = 0;
			knownRegions = (
				en,
				Base,
			);
			mainGroup = 95556FDC2C4F2C9F006803A1;
			productRefGroup = 95556FE62C4F2C9F006803A1 /* Products */;
			projectDirPath = "";
			projectRoot = "";
			targets = (
				95556FE42C4F2C9F006803A1 /* SoundWave */,
			);
		};
/* End PBXProject section */

/* Begin PBXResourcesBuildPhase section */
		95556FE32C4F2C9F006803A1 /* Resources */ = {
			isa = PBXResourcesBuildPhase;
			buildActionMask = 2147483647;
			files = (
				95556FF02C4F2CA1006803A1 /* Preview Assets.xcassets in Resources */,
				95556FED2C4F2CA1006803A1 /* Assets.xcassets in Resources */,
			);
			runOnlyForDeploymentPostprocessing = 0;
		};
/* End PBXResourcesBuildPhase section */

/* Begin PBXSourcesBuildPhase section */
		95556FE12C4F2C9F006803A1 /* Sources */ = {
			isa = PBXSourcesBuildPhase;
			buildActionMask = 2147483647;
			files = (
				95556FF72C4F3083006803A1 /* DocumentPIcker.swift in Sources */,
				95556FEB2C4F2C9F006803A1 /* ContentView.swift in Sources */,
				95DDD16F2C50756500E2C654 /* User.swift in Sources */,
				95556FE92C4F2C9F006803A1 /* SoundWaveApp.swift in Sources */,
				95DDD16D2C5074C100E2C654 /* MainView.swift in Sources */,
				9552CEDA2C4F4E8D0094457B /* PlayerView.swift in Sources */,
			);
			runOnlyForDeploymentPostprocessing = 0;
		};
/* End PBXSourcesBuildPhase section */

/* Begin XCBuildConfiguration section */
		95556FF12C4F2CA1006803A1 /* Debug */ = {
			isa = XCBuildConfiguration;
			buildSettings = {
				ALWAYS_SEARCH_USER_PATHS = NO;
				ASSETCATALOG_COMPILER_GENERATE_SWIFT_ASSET_SYMBOL_EXTENSIONS = YES;
				CLANG_ANALYZER_NONNULL = YES;
				CLANG_ANALYZER_NUMBER_OBJECT_CONVERSION = YES_AGGRESSIVE;
				CLANG_CXX_LANGUAGE_STANDARD = "gnu++20";
				CLANG_ENABLE_MODULES = YES;
				CLANG_ENABLE_OBJC_ARC = YES;
				CLANG_ENABLE_OBJC_WEAK = YES;
				CLANG_WARN_BLOCK_CAPTURE_AUTORELEASING = YES;
				CLANG_WARN_BOOL_CONVERSION = YES;
				CLANG_WARN_COMMA = YES;
				CLANG_WARN_CONSTANT_CONVERSION = YES;
				CLANG_WARN_DEPRECATED_OBJC_IMPLEMENTATIONS = YES;
				CLANG_WARN_DIRECT_OBJC_ISA_USAGE = YES_ERROR;
				CLANG_WARN_DOCUMENTATION_COMMENTS = YES;
				CLANG_WARN_EMPTY_BODY = YES;
				CLANG_WARN_ENUM_CONVERSION = YES;
				CLANG_WARN_INFINITE_RECURSION = YES;
				CLANG_WARN_INT_CONVERSION = YES;
				CLANG_WARN_NON_LITERAL_NULL_CONVERSION = YES;
				CLANG_WARN_OBJC_IMPLICIT_RETAIN_SELF = YES;
				CLANG_WARN_OBJC_LITERAL_CONVERSION = YES;
				CLANG_WARN_OBJC_ROOT_CLASS = YES_ERROR;
				CLANG_WARN_QUOTED_INCLUDE_IN_FRAMEWORK_HEADER = YES;
				CLANG_WARN_RANGE_LOOP_ANALYSIS = YES;
				CLANG_WARN_STRICT_PROTOTYPES = YES;
				CLANG_WARN_SUSPICIOUS_MOVE = YES;
				CLANG_WARN_UNGUARDED_AVAILABILITY = YES_AGGRESSIVE;
				CLANG_WARN_UNREACHABLE_CODE = YES;
				CLANG_WARN__DUPLICATE_METHOD_MATCH = YES;
				COPY_PHASE_STRIP = NO;
				DEBUG_INFORMATION_FORMAT = dwarf;
				ENABLE_STRICT_OBJC_MSGSEND = YES;
				ENABLE_TESTABILITY = YES;
				ENABLE_USER_SCRIPT_SANDBOXING = YES;
				GCC_C_LANGUAGE_STANDARD = gnu17;
				GCC_DYNAMIC_NO_PIC = NO;
				GCC_NO_COMMON_BLOCKS = YES;
				GCC_OPTIMIZATION_LEVEL = 0;
				GCC_PREPROCESSOR_DEFINITIONS = (
					"DEBUG=1",
					"$(inherited)",
				);
				GCC_WARN_64_TO_32_BIT_CONVERSION = YES;
				GCC_WARN_ABOUT_RETURN_TYPE = YES_ERROR;
				GCC_WARN_UNDECLARED_SELECTOR = YES;
				GCC_WARN_UNINITIALIZED_AUTOS = YES_AGGRESSIVE;
				GCC_WARN_UNUSED_FUNCTION = YES;
				GCC_WARN_UNUSED_VARIABLE = YES;
				IPHONEOS_DEPLOYMENT_TARGET = 17.2;
				LOCALIZATION_PREFERS_STRING_CATALOGS = YES;
				MTL_ENABLE_DEBUG_INFO = INCLUDE_SOURCE;
				MTL_FAST_MATH = YES;
				ONLY_ACTIVE_ARCH = YES;
				SDKROOT = iphoneos;
				SWIFT_ACTIVE_COMPILATION_CONDITIONS = "DEBUG $(inherited)";
				SWIFT_OPTIMIZATION_LEVEL = "-Onone";
			};
			name = Debug;
		};
		95556FF22C4F2CA1006803A1 /* Release */ = {
			isa = XCBuildConfiguration;
			buildSettings = {
				ALWAYS_SEARCH_USER_PATHS = NO;
				ASSETCATALOG_COMPILER_GENERATE_SWIFT_ASSET_SYMBOL_EXTENSIONS = YES;
				CLANG_ANALYZER_NONNULL = YES;
				CLANG_ANALYZER_NUMBER_OBJECT_CONVERSION = YES_AGGRESSIVE;
				CLANG_CXX_LANGUAGE_STANDARD = "gnu++20";
				CLANG_ENABLE_MODULES = YES;
				CLANG_ENABLE_OBJC_ARC = YES;
				CLANG_ENABLE_OBJC_WEAK = YES;
				CLANG_WARN_BLOCK_CAPTURE_AUTORELEASING = YES;
				CLANG_WARN_BOOL_CONVERSION = YES;
				CLANG_WARN_COMMA = YES;
				CLANG_WARN_CONSTANT_CONVERSION = YES;
				CLANG_WARN_DEPRECATED_OBJC_IMPLEMENTATIONS = YES;
				CLANG_WARN_DIRECT_OBJC_ISA_USAGE = YES_ERROR;
				CLANG_WARN_DOCUMENTATION_COMMENTS = YES;
				CLANG_WARN_EMPTY_BODY = YES;
				CLANG_WARN_ENUM_CONVERSION = YES;
				CLANG_WARN_INFINITE_RECURSION = YES;
				CLANG_WARN_INT_CONVERSION = YES;
				CLANG_WARN_NON_LITERAL_NULL_CONVERSION = YES;
				CLANG_WARN_OBJC_IMPLICIT_RETAIN_SELF = YES;
				CLANG_WARN_OBJC_LITERAL_CONVERSION = YES;
				CLANG_WARN_OBJC_ROOT_CLASS = YES_ERROR;
				CLANG_WARN_QUOTED_INCLUDE_IN_FRAMEWORK_HEADER = YES;
				CLANG_WARN_RANGE_LOOP_ANALYSIS = YES;
				CLANG_WARN_STRICT_PROTOTYPES = YES;
				CLANG_WARN_SUSPICIOUS_MOVE = YES;
				CLANG_WARN_UNGUARDED_AVAILABILITY = YES_AGGRESSIVE;
				CLANG_WARN_UNREACHABLE_CODE = YES;
				CLANG_WARN__DUPLICATE_METHOD_MATCH = YES;
				COPY_PHASE_STRIP = NO;
				DEBUG_INFORMATION_FORMAT = "dwarf-with-dsym";
				ENABLE_NS_ASSERTIONS = NO;
				ENABLE_STRICT_OBJC_MSGSEND = YES;
				ENABLE_USER_SCRIPT_SANDBOXING = YES;
				GCC_C_LANGUAGE_STANDARD = gnu17;
				GCC_NO_COMMON_BLOCKS = YES;
				GCC_WARN_64_TO_32_BIT_CONVERSION = YES;
				GCC_WARN_ABOUT_RETURN_TYPE = YES_ERROR;
				GCC_WARN_UNDECLARED_SELECTOR = YES;
				GCC_WARN_UNINITIALIZED_AUTOS = YES_AGGRESSIVE;
				GCC_WARN_UNUSED_FUNCTION = YES;
				GCC_WARN_UNUSED_VARIABLE = YES;
				IPHONEOS_DEPLOYMENT_TARGET = 17.2;
				LOCALIZATION_PREFERS_STRING_CATALOGS = YES;
				MTL_ENABLE_DEBUG_INFO = NO;
				MTL_FAST_MATH = YES;
				SDKROOT = iphoneos;
				SWIFT_COMPILATION_MODE = wholemodule;
				VALIDATE_PRODUCT = YES;
			};
			name = Release;
		};
		95556FF42C4F2CA1006803A1 /* Debug */ = {
			isa = XCBuildConfiguration;
			buildSettings = {
				ASSETCATALOG_COMPILER_APPICON_NAME = AppIcon;
				ASSETCATALOG_COMPILER_GLOBAL_ACCENT_COLOR_NAME = AccentColor;
				CODE_SIGN_STYLE = Automatic;
				CURRENT_PROJECT_VERSION = 1;
				DEVELOPMENT_ASSET_PATHS = "\"SoundWave/Preview Content\"";
				DEVELOPMENT_TEAM = SJJ26F8CM7;
				ENABLE_PREVIEWS = YES;
				GENERATE_INFOPLIST_FILE = YES;
				INFOPLIST_FILE = SoundWave/Info.plist;
				INFOPLIST_KEY_UIApplicationSceneManifest_Generation = YES;
				INFOPLIST_KEY_UIApplicationSupportsIndirectInputEvents = YES;
				INFOPLIST_KEY_UILaunchScreen_Generation = YES;
				INFOPLIST_KEY_UISupportedInterfaceOrientations_iPad = "UIInterfaceOrientationPortrait UIInterfaceOrientationPortraitUpsideDown UIInterfaceOrientationLandscapeLeft UIInterfaceOrientationLandscapeRight";
				INFOPLIST_KEY_UISupportedInterfaceOrientations_iPhone = "UIInterfaceOrientationPortrait UIInterfaceOrientationLandscapeLeft UIInterfaceOrientationLandscapeRight";
				IPHONEOS_DEPLOYMENT_TARGET = 16.2;
				LD_RUNPATH_SEARCH_PATHS = (
					"$(inherited)",
					"@executable_path/Frameworks",
				);
				MARKETING_VERSION = 1.0;
				PRODUCT_BUNDLE_IDENTIFIER = gui.SoundWave;
				PRODUCT_NAME = "$(TARGET_NAME)";
				SWIFT_EMIT_LOC_STRINGS = YES;
				SWIFT_VERSION = 5.0;
				TARGETED_DEVICE_FAMILY = "1,2";
			};
			name = Debug;
		};
		95556FF52C4F2CA1006803A1 /* Release */ = {
			isa = XCBuildConfiguration;
			buildSettings = {
				ASSETCATALOG_COMPILER_APPICON_NAME = AppIcon;
				ASSETCATALOG_COMPILER_GLOBAL_ACCENT_COLOR_NAME = AccentColor;
				CODE_SIGN_STYLE = Automatic;
				CURRENT_PROJECT_VERSION = 1;
				DEVELOPMENT_ASSET_PATHS = "\"SoundWave/Preview Content\"";
				DEVELOPMENT_TEAM = SJJ26F8CM7;
				ENABLE_PREVIEWS = YES;
				GENERATE_INFOPLIST_FILE = YES;
				INFOPLIST_FILE = SoundWave/Info.plist;
				INFOPLIST_KEY_UIApplicationSceneManifest_Generation = YES;
				INFOPLIST_KEY_UIApplicationSupportsIndirectInputEvents = YES;
				INFOPLIST_KEY_UILaunchScreen_Generation = YES;
				INFOPLIST_KEY_UISupportedInterfaceOrientations_iPad = "UIInterfaceOrientationPortrait UIInterfaceOrientationPortraitUpsideDown UIInterfaceOrientationLandscapeLeft UIInterfaceOrientationLandscapeRight";
				INFOPLIST_KEY_UISupportedInterfaceOrientations_iPhone = "UIInterfaceOrientationPortrait UIInterfaceOrientationLandscapeLeft UIInterfaceOrientationLandscapeRight";
				IPHONEOS_DEPLOYMENT_TARGET = 16.2;
				LD_RUNPATH_SEARCH_PATHS = (
					"$(inherited)",
					"@executable_path/Frameworks",
				);
				MARKETING_VERSION = 1.0;
				PRODUCT_BUNDLE_IDENTIFIER = gui.SoundWave;
				PRODUCT_NAME = "$(TARGET_NAME)";
				SWIFT_EMIT_LOC_STRINGS = YES;
				SWIFT_VERSION = 5.0;
				TARGETED_DEVICE_FAMILY = "1,2";
			};
			name = Release;
		};
/* End XCBuildConfiguration section */

/* Begin XCConfigurationList section */
		95556FE02C4F2C9F006803A1 /* Build configuration list for PBXProject "SoundWave" */ = {
			isa = XCConfigurationList;
			buildConfigurations = (
				95556FF12C4F2CA1006803A1 /* Debug */,
				95556FF22C4F2CA1006803A1 /* Release */,
			);
			defaultConfigurationIsVisible = 0;
			defaultConfigurationName = Release;
		};
		95556FF32C4F2CA1006803A1 /* Build configuration list for PBXNativeTarget "SoundWave" */ = {
			isa = XCConfigurationList;
			buildConfigurations = (
				95556FF42C4F2CA1006803A1 /* Debug */,
				95556FF52C4F2CA1006803A1 /* Release */,
			);
			defaultConfigurationIsVisible = 0;
			defaultConfigurationName = Release;
		};
/* End XCConfigurationList section */
	};
	rootObject = 95556FDD2C4F2C9F006803A1 /* Project object */;
}
